
Microsoft Visual Studio Solution File, Format Version 12.00
# Visual Studio 14
VisualStudioVersion = 14.0.25420.1
MinimumVisualStudioVersion = 10.0.40219.1
Project("{2150E333-8FDC-42A3-9474-1A3956D46DE8}") = "src", "src", "{D7C7DA39-C39B-40C3-BB37-1C64C8DFE1B9}"
EndProject
Project("{2150E333-8FDC-42A3-9474-1A3956D46DE8}") = "Solution Items", "Solution Items", "{90B0DE08-0C3E-4645-92EE-3C963CC06FF8}"
	ProjectSection(SolutionItems) = preProject
		global.json = global.json
	EndProjectSection
EndProject
Project("{8BB2217D-0F2D-49D1-97BC-3654ED321F3B}") = "ConsoleApp1", "src\ConsoleApp1\ConsoleApp1.xproj", "{462D54AF-ACF2-4FEC-8E2D-64D24783416E}"
EndProject
Global
	GlobalSection(SolutionConfigurationPlatforms) = preSolution
		Debug|Any CPU = Debug|Any CPU
		Release|Any CPU = Release|Any CPU
	EndGlobalSection
	GlobalSection(ProjectConfigurationPlatforms) = postSolution
		{462D54AF-ACF2-4FEC-8E2D-64D24783416E}.Debug|Any CPU.ActiveCfg = Debug|Any CPU
		{462D54AF-ACF2-4FEC-8E2D-64D24783416E}.Debug|Any CPU.Build.0 = Debug|Any CPU
		{462D54AF-ACF2-4FEC-8E2D-64D24783416E}.Release|Any CPU.ActiveCfg = Release|Any CPU
		{462D54AF-ACF2-4FEC-8E2D-64D24783416E}.Release|Any CPU.Build.0 = Release|Any CPU
	EndGlobalSection
	GlobalSection(SolutionProperties) = preSolution
		HideSolutionNode = FALSE
	EndGlobalSection
	GlobalSection(NestedProjects) = preSolution
		{462D54AF-ACF2-4FEC-8E2D-64D24783416E} = {D7C7DA39-C39B-40C3-BB37-1C64C8DFE1B9}
	EndGlobalSection
EndGlobal
